
Microsoft Visual Studio Solution File, Format Version 12.00
# Visual Studio Version 16
VisualStudioVersion = 16.0.31410.357
MinimumVisualStudioVersion = 10.0.40219.1
Project("{9A19103F-16F7-4668-BE54-9A1E7A4F7556}") = "PruebaMicroservice", "PruebaMicroservice.csproj", "{29F1DB6B-CF3B-46A9-8F46-93D23D184328}"
EndProject
Project("{E53339B2-1760-4266-BCC7-CA923CBCF16C}") = "docker-compose", "docker-compose.dcproj", "{B7D2FEB0-C10B-4C4E-86EC-ADD8B3082FEF}"
EndProject
Project("{9A19103F-16F7-4668-BE54-9A1E7A4F7556}") = "PruebaMicroservice.test", "..\PruebaMicroservice.test\PruebaMicroservice.test.csproj", "{5126EC32-9801-4238-BB38-CC9238B30465}"
EndProject
Project("{FAE04EC0-301F-11D3-BF4B-00C04F79EFBC}") = "PruebaMicroservice.CRUD", "..\PruebaMicroservice.CRUD\PruebaMicroservice.CRUD.csproj", "{C56229B7-FC48-4F98-B626-B795A83C130F}"
EndProject
Global
	GlobalSection(SolutionConfigurationPlatforms) = preSolution
		Debug|Any CPU = Debug|Any CPU
		Release|Any CPU = Release|Any CPU
	EndGlobalSection
	GlobalSection(ProjectConfigurationPlatforms) = postSolution
		{29F1DB6B-CF3B-46A9-8F46-93D23D184328}.Debug|Any CPU.ActiveCfg = Debug|Any CPU
		{29F1DB6B-CF3B-46A9-8F46-93D23D184328}.Debug|Any CPU.Build.0 = Debug|Any CPU
		{29F1DB6B-CF3B-46A9-8F46-93D23D184328}.Release|Any CPU.ActiveCfg = Release|Any CPU
		{29F1DB6B-CF3B-46A9-8F46-93D23D184328}.Release|Any CPU.Build.0 = Release|Any CPU
		{B7D2FEB0-C10B-4C4E-86EC-ADD8B3082FEF}.Debug|Any CPU.ActiveCfg = Debug|Any CPU
		{B7D2FEB0-C10B-4C4E-86EC-ADD8B3082FEF}.Debug|Any CPU.Build.0 = Debug|Any CPU
		{B7D2FEB0-C10B-4C4E-86EC-ADD8B3082FEF}.Release|Any CPU.ActiveCfg = Release|Any CPU
		{B7D2FEB0-C10B-4C4E-86EC-ADD8B3082FEF}.Release|Any CPU.Build.0 = Release|Any CPU
		{5126EC32-9801-4238-BB38-CC9238B30465}.Debug|Any CPU.ActiveCfg = Debug|Any CPU
		{5126EC32-9801-4238-BB38-CC9238B30465}.Debug|Any CPU.Build.0 = Debug|Any CPU
		{5126EC32-9801-4238-BB38-CC9238B30465}.Release|Any CPU.ActiveCfg = Release|Any CPU
		{5126EC32-9801-4238-BB38-CC9238B30465}.Release|Any CPU.Build.0 = Release|Any CPU
		{C56229B7-FC48-4F98-B626-B795A83C130F}.Debug|Any CPU.ActiveCfg = Debug|Any CPU
		{C56229B7-FC48-4F98-B626-B795A83C130F}.Debug|Any CPU.Build.0 = Debug|Any CPU
		{C56229B7-FC48-4F98-B626-B795A83C130F}.Release|Any CPU.ActiveCfg = Release|Any CPU
		{C56229B7-FC48-4F98-B626-B795A83C130F}.Release|Any CPU.Build.0 = Release|Any CPU
	EndGlobalSection
	GlobalSection(SolutionProperties) = preSolution
		HideSolutionNode = FALSE
	EndGlobalSection
	GlobalSection(ExtensibilityGlobals) = postSolution
		SolutionGuid = {F27953D4-C8CB-40AA-A51C-14FBD3F5250B}
	EndGlobalSection
EndGlobal
